
Microsoft Visual Studio Solution File, Format Version 12.00
# Visual Studio 15
VisualStudioVersion = 15.0.28307.902
MinimumVisualStudioVersion = 10.0.40219.1
Project("{FAE04EC0-301F-11D3-BF4B-00C04F79EFBC}") = "Atividades do Curso", "ConsoleApp1\Atividades do Curso.csproj", "{BD55DAF4-F807-460B-81AA-9F842B7CFF38}"
EndProject
Global
	GlobalSection(SolutionConfigurationPlatforms) = preSolution
		Debug|Any CPU = Debug|Any CPU
		Release|Any CPU = Release|Any CPU
	EndGlobalSection
	GlobalSection(ProjectConfigurationPlatforms) = postSolution
		{BD55DAF4-F807-460B-81AA-9F842B7CFF38}.Debug|Any CPU.ActiveCfg = Debug|Any CPU
		{BD55DAF4-F807-460B-81AA-9F842B7CFF38}.Debug|Any CPU.Build.0 = Debug|Any CPU
		{BD55DAF4-F807-460B-81AA-9F842B7CFF38}.Release|Any CPU.ActiveCfg = Release|Any CPU
		{BD55DAF4-F807-460B-81AA-9F842B7CFF38}.Release|Any CPU.Build.0 = Release|Any CPU
	EndGlobalSection
	GlobalSection(SolutionProperties) = preSolution
		HideSolutionNode = FALSE
	EndGlobalSection
	GlobalSection(ExtensibilityGlobals) = postSolution
		SolutionGuid = {25B029A5-C5AC-4F67-B41B-53B78448B9A8}
	EndGlobalSection
EndGlobal
